// !$*UTF8*$!
{
	archiveVersion = 1;
	classes = {
	};
	objectVersion = 48;
	objects = {

/* Begin PBXBuildFile section */
		AC17151D1F9DF8D4001DC3AD /* MovieRepository.swift in Sources */ = {isa = PBXBuildFile; fileRef = AC17151C1F9DF8D4001DC3AD /* MovieRepository.swift */; };
		AC17151F1F9DF9C4001DC3AD /* MoviePresenter.swift in Sources */ = {isa = PBXBuildFile; fileRef = AC17151E1F9DF9C4001DC3AD /* MoviePresenter.swift */; };
		AC1715211F9DFCD3001DC3AD /* DetailHeader+MovieDetail.swift in Sources */ = {isa = PBXBuildFile; fileRef = AC1715201F9DFCD3001DC3AD /* DetailHeader+MovieDetail.swift */; };
		AC1715231F9E03D6001DC3AD /* PosterStripItem+CastMember.swift in Sources */ = {isa = PBXBuildFile; fileRef = AC1715221F9E03D6001DC3AD /* PosterStripItem+CastMember.swift */; };
		AC1715251F9E1C48001DC3AD /* PersonDetail.swift in Sources */ = {isa = PBXBuildFile; fileRef = AC1715241F9E1C48001DC3AD /* PersonDetail.swift */; };
		AC1715271F9E1D02001DC3AD /* TaggedImage.swift in Sources */ = {isa = PBXBuildFile; fileRef = AC1715261F9E1D02001DC3AD /* TaggedImage.swift */; };
		AC17B62C1F9A3DEC00F0F479 /* PosterStripCell.swift in Sources */ = {isa = PBXBuildFile; fileRef = AC17B62A1F9A3DEC00F0F479 /* PosterStripCell.swift */; };
		AC17B62D1F9A3DEC00F0F479 /* PosterStripCell.xib in Resources */ = {isa = PBXBuildFile; fileRef = AC17B62B1F9A3DEC00F0F479 /* PosterStripCell.xib */; };
		AC17B62F1F9A401700F0F479 /* MediaType.swift in Sources */ = {isa = PBXBuildFile; fileRef = AC17B62E1F9A401700F0F479 /* MediaType.swift */; };
		AC17B6311F9A404200F0F479 /* UICollectionView+Reusable.swift in Sources */ = {isa = PBXBuildFile; fileRef = AC17B6301F9A404200F0F479 /* UICollectionView+Reusable.swift */; };
		AC17B6341F9A408400F0F479 /* DetailAssembly.swift in Sources */ = {isa = PBXBuildFile; fileRef = AC17B6331F9A408400F0F479 /* DetailAssembly.swift */; };
		AC17B6381F9A411400F0F479 /* PosterStripPresenter.swift in Sources */ = {isa = PBXBuildFile; fileRef = AC17B6371F9A411400F0F479 /* PosterStripPresenter.swift */; };
		AC17B63A1F9A423500F0F479 /* PosterStripView.swift in Sources */ = {isa = PBXBuildFile; fileRef = AC17B6391F9A423500F0F479 /* PosterStripView.swift */; };
		AC17B63F1F9A427700F0F479 /* PosterStripView.xib in Resources */ = {isa = PBXBuildFile; fileRef = AC17B63E1F9A427700F0F479 /* PosterStripView.xib */; };
		AC17B6411F9A47B500F0F479 /* PosterStripLayout.swift in Sources */ = {isa = PBXBuildFile; fileRef = AC17B6401F9A47B500F0F479 /* PosterStripLayout.swift */; };
		AC2197C11F9B53A600B25C00 /* AppAssembly.swift in Sources */ = {isa = PBXBuildFile; fileRef = AC2197C01F9B53A600B25C00 /* AppAssembly.swift */; };
		AC2197C51F9B611000B25C00 /* DetailNavigator.swift in Sources */ = {isa = PBXBuildFile; fileRef = AC2197C41F9B611000B25C00 /* DetailNavigator.swift */; };
		AC2197C71F9B626500B25C00 /* PhoneDetailNavigator.swift in Sources */ = {isa = PBXBuildFile; fileRef = AC2197C61F9B626500B25C00 /* PhoneDetailNavigator.swift */; };
		AC2197CA1F9B6EB000B25C00 /* SearchNavigator.swift in Sources */ = {isa = PBXBuildFile; fileRef = AC2197C91F9B6EB000B25C00 /* SearchNavigator.swift */; };
		AC2197CC1F9B6F6800B25C00 /* PhoneSearchNavigator.swift in Sources */ = {isa = PBXBuildFile; fileRef = AC2197CB1F9B6F6800B25C00 /* PhoneSearchNavigator.swift */; };
		AC65F2411F99120300D2BA6D /* CardView.swift in Sources */ = {isa = PBXBuildFile; fileRef = AC65F2401F99120300D2BA6D /* CardView.swift */; };
		AC65F2431F99121500D2BA6D /* CardView.xib in Resources */ = {isa = PBXBuildFile; fileRef = AC65F2421F99121500D2BA6D /* CardView.xib */; };
		AC65F2451F9916F900D2BA6D /* CardPresenter.swift in Sources */ = {isa = PBXBuildFile; fileRef = AC65F2441F9916F900D2BA6D /* CardPresenter.swift */; };
		AC65F2471F99179E00D2BA6D /* Genre.swift in Sources */ = {isa = PBXBuildFile; fileRef = AC65F2461F99179E00D2BA6D /* Genre.swift */; };
		AC65F2491F99193200D2BA6D /* genres.json in Resources */ = {isa = PBXBuildFile; fileRef = AC65F2481F99193200D2BA6D /* genres.json */; };
		AC65F24C1F991B2C00D2BA6D /* FeaturedAssembly.swift in Sources */ = {isa = PBXBuildFile; fileRef = AC65F24B1F991B2C00D2BA6D /* FeaturedAssembly.swift */; };
		AC6C8B561F90FEF2005BE6C0 /* AppDelegate.swift in Sources */ = {isa = PBXBuildFile; fileRef = AC6C8B551F90FEF2005BE6C0 /* AppDelegate.swift */; };
		AC6C8B5D1F90FEF2005BE6C0 /* Assets.xcassets in Resources */ = {isa = PBXBuildFile; fileRef = AC6C8B5C1F90FEF2005BE6C0 /* Assets.xcassets */; };
		AC6C8B601F90FEF2005BE6C0 /* LaunchScreen.storyboard in Resources */ = {isa = PBXBuildFile; fileRef = AC6C8B5E1F90FEF2005BE6C0 /* LaunchScreen.storyboard */; };
		AC6C8B6B1F90FEF3005BE6C0 /* TMDbTests.swift in Sources */ = {isa = PBXBuildFile; fileRef = AC6C8B6A1F90FEF3005BE6C0 /* TMDbTests.swift */; };
		AC6C8B831F91006C005BE6C0 /* TMDbCore.framework in Frameworks */ = {isa = PBXBuildFile; fileRef = AC6C8B7A1F91006C005BE6C0 /* TMDbCore.framework */; };
		AC6C8B8A1F91006C005BE6C0 /* TMDbCoreTests.swift in Sources */ = {isa = PBXBuildFile; fileRef = AC6C8B891F91006C005BE6C0 /* TMDbCoreTests.swift */; };
		AC6C8B8C1F91006C005BE6C0 /* TMDbCore.h in Headers */ = {isa = PBXBuildFile; fileRef = AC6C8B7C1F91006C005BE6C0 /* TMDbCore.h */; settings = {ATTRIBUTES = (Public, ); }; };
		AC6C8B8F1F91006C005BE6C0 /* TMDbCore.framework in Frameworks */ = {isa = PBXBuildFile; fileRef = AC6C8B7A1F91006C005BE6C0 /* TMDbCore.framework */; };
		AC6C8B901F91006C005BE6C0 /* TMDbCore.framework in Embed Frameworks */ = {isa = PBXBuildFile; fileRef = AC6C8B7A1F91006C005BE6C0 /* TMDbCore.framework */; settings = {ATTRIBUTES = (CodeSignOnCopy, RemoveHeadersOnCopy, ); }; };
		AC6C8B9F1F9102C0005BE6C0 /* Kingfisher.framework in Frameworks */ = {isa = PBXBuildFile; fileRef = AC6C8B9C1F9102BC005BE6C0 /* Kingfisher.framework */; };
		AC6C8BA01F9102C2005BE6C0 /* Kingfisher.framework in Frameworks */ = {isa = PBXBuildFile; fileRef = AC6C8B9C1F9102BC005BE6C0 /* Kingfisher.framework */; };
		AC6C8BA11F9102C3005BE6C0 /* Kingfisher.framework in Frameworks */ = {isa = PBXBuildFile; fileRef = AC6C8B9C1F9102BC005BE6C0 /* Kingfisher.framework */; };
		AC6C8BA31F9102CC005BE6C0 /* RxBlocking.framework in Frameworks */ = {isa = PBXBuildFile; fileRef = AC6C8B9B1F9102BC005BE6C0 /* RxBlocking.framework */; };
		AC6C8BA41F9102CF005BE6C0 /* RxCocoa.framework in Frameworks */ = {isa = PBXBuildFile; fileRef = AC6C8B9E1F9102BC005BE6C0 /* RxCocoa.framework */; };
		AC6C8BA71F9102D2005BE6C0 /* RxCocoa.framework in Frameworks */ = {isa = PBXBuildFile; fileRef = AC6C8B9E1F9102BC005BE6C0 /* RxCocoa.framework */; };
		AC6C8BA81F9102D8005BE6C0 /* RxCocoa.framework in Frameworks */ = {isa = PBXBuildFile; fileRef = AC6C8B9E1F9102BC005BE6C0 /* RxCocoa.framework */; };
		AC6C8BA91F9102DF005BE6C0 /* RxSwift.framework in Frameworks */ = {isa = PBXBuildFile; fileRef = AC6C8B9A1F9102BC005BE6C0 /* RxSwift.framework */; };
		AC6C8BAA1F9102DF005BE6C0 /* RxSwift.framework in Frameworks */ = {isa = PBXBuildFile; fileRef = AC6C8B9A1F9102BC005BE6C0 /* RxSwift.framework */; };
		AC6C8BAB1F9102E0005BE6C0 /* RxSwift.framework in Frameworks */ = {isa = PBXBuildFile; fileRef = AC6C8B9A1F9102BC005BE6C0 /* RxSwift.framework */; };
		AC6C8BAE1F9102E6005BE6C0 /* RxTest.framework in Frameworks */ = {isa = PBXBuildFile; fileRef = AC6C8B9D1F9102BC005BE6C0 /* RxTest.framework */; };
		AC6C8BAF1F9102E8005BE6C0 /* RxTest.framework in Frameworks */ = {isa = PBXBuildFile; fileRef = AC6C8B9D1F9102BC005BE6C0 /* RxTest.framework */; };
		AC6C8BB01F9102EB005BE6C0 /* RxBlocking.framework in Frameworks */ = {isa = PBXBuildFile; fileRef = AC6C8B9B1F9102BC005BE6C0 /* RxBlocking.framework */; };
		AC6C8BB41F910443005BE6C0 /* TMDbCore.swift in Sources */ = {isa = PBXBuildFile; fileRef = AC6C8BB31F910443005BE6C0 /* TMDbCore.swift */; };
		AC6C8BBA1F910718005BE6C0 /* Endpoint.swift in Sources */ = {isa = PBXBuildFile; fileRef = AC6C8BB91F910718005BE6C0 /* Endpoint.swift */; };
		AC6C8BBC1F910897005BE6C0 /* WebServiceConfiguration.swift in Sources */ = {isa = PBXBuildFile; fileRef = AC6C8BBB1F910897005BE6C0 /* WebServiceConfiguration.swift */; };
		AC6C8BBE1F9109C6005BE6C0 /* WebService.swift in Sources */ = {isa = PBXBuildFile; fileRef = AC6C8BBD1F9109C6005BE6C0 /* WebService.swift */; };
		AC6C8BC11F912C5A005BE6C0 /* Configuration.swift in Sources */ = {isa = PBXBuildFile; fileRef = AC6C8BC01F912C5A005BE6C0 /* Configuration.swift */; };
		AC7EB79B1F9B97C0002B214A /* Page.swift in Sources */ = {isa = PBXBuildFile; fileRef = AC7EB79A1F9B97C0002B214A /* Page.swift */; };
		AC7EB79E1F9BA387002B214A /* FeaturedRepository.swift in Sources */ = {isa = PBXBuildFile; fileRef = AC7EB79D1F9BA387002B214A /* FeaturedRepository.swift */; };
		AC7EB7A11F9BAF18002B214A /* SearchResultsRepository.swift in Sources */ = {isa = PBXBuildFile; fileRef = AC7EB7A01F9BAF18002B214A /* SearchResultsRepository.swift */; };
		AC995AA71F9218370007D195 /* SearchResult.swift in Sources */ = {isa = PBXBuildFile; fileRef = AC995AA61F9218370007D195 /* SearchResult.swift */; };
		AC995AAA1F9219CC0007D195 /* Date+Utilities.swift in Sources */ = {isa = PBXBuildFile; fileRef = AC995AA91F9219CC0007D195 /* Date+Utilities.swift */; };
		AC995AAC1F921A190007D195 /* NibLoadableView.swift in Sources */ = {isa = PBXBuildFile; fileRef = AC995AAB1F921A190007D195 /* NibLoadableView.swift */; };
		AC995AAE1F921A4E0007D195 /* ReusableView.swift in Sources */ = {isa = PBXBuildFile; fileRef = AC995AAD1F921A4E0007D195 /* ReusableView.swift */; };
		AC995AB01F921A760007D195 /* UITableView+Reusable.swift in Sources */ = {isa = PBXBuildFile; fileRef = AC995AAF1F921A760007D195 /* UITableView+Reusable.swift */; };
		AC995AB51F9223360007D195 /* SearchResultCell.swift in Sources */ = {isa = PBXBuildFile; fileRef = AC995AB31F9223360007D195 /* SearchResultCell.swift */; };
		AC995AB61F9223360007D195 /* SearchResultCell.xib in Resources */ = {isa = PBXBuildFile; fileRef = AC995AB41F9223360007D195 /* SearchResultCell.xib */; };
		AC995AB81F9228340007D195 /* SearchResultCellPresenter.swift in Sources */ = {isa = PBXBuildFile; fileRef = AC995AB71F9228340007D195 /* SearchResultCellPresenter.swift */; };
		AC995ABA1F922A1D0007D195 /* SearchAssembly.swift in Sources */ = {isa = PBXBuildFile; fileRef = AC995AB91F922A1D0007D195 /* SearchAssembly.swift */; };
		AC9B07EE1F9E1E8700562A89 /* PersonRepository.swift in Sources */ = {isa = PBXBuildFile; fileRef = AC9B07ED1F9E1E8700562A89 /* PersonRepository.swift */; };
		AC9B07F01F9E1F5F00562A89 /* PersonPresenter.swift in Sources */ = {isa = PBXBuildFile; fileRef = AC9B07EF1F9E1F5F00562A89 /* PersonPresenter.swift */; };
		AC9B07F21F9E200900562A89 /* DetailHeader+PersonDetail.swift in Sources */ = {isa = PBXBuildFile; fileRef = AC9B07F11F9E200900562A89 /* DetailHeader+PersonDetail.swift */; };
		ACA41D6D1F9A549700527B70 /* DetailSection.swift in Sources */ = {isa = PBXBuildFile; fileRef = ACA41D6C1F9A549700527B70 /* DetailSection.swift */; };
		ACA41D6F1F9A553C00527B70 /* DetailHeaderPresenter.swift in Sources */ = {isa = PBXBuildFile; fileRef = ACA41D6E1F9A553C00527B70 /* DetailHeaderPresenter.swift */; };
		ACA41D711F9A56F200527B70 /* DetailPresenter.swift in Sources */ = {isa = PBXBuildFile; fileRef = ACA41D701F9A56F200527B70 /* DetailPresenter.swift */; };
		ACAF63C81F94A5D900BD9FF1 /* SearchResultsPresenter.swift in Sources */ = {isa = PBXBuildFile; fileRef = ACAF63C71F94A5D900BD9FF1 /* SearchResultsPresenter.swift */; };
		ACAF63CA1F94A69B00BD9FF1 /* SearchResultsViewController.swift in Sources */ = {isa = PBXBuildFile; fileRef = ACAF63C91F94A69B00BD9FF1 /* SearchResultsViewController.swift */; };
		ACAF63CD1F94BA6100BD9FF1 /* Core.xcassets in Resources */ = {isa = PBXBuildFile; fileRef = ACAF63CC1F94BA6100BD9FF1 /* Core.xcassets */; };
		ACB9CB161F9A15580012E1A2 /* DetailViewController.swift in Sources */ = {isa = PBXBuildFile; fileRef = ACB9CB141F9A15580012E1A2 /* DetailViewController.swift */; };
		ACB9CB171F9A15580012E1A2 /* DetailViewController.xib in Resources */ = {isa = PBXBuildFile; fileRef = ACB9CB151F9A15580012E1A2 /* DetailViewController.xib */; };
		ACB9CB191F9A16A60012E1A2 /* DetailHeaderView.swift in Sources */ = {isa = PBXBuildFile; fileRef = ACB9CB181F9A16A60012E1A2 /* DetailHeaderView.swift */; };
		ACB9CB1B1F9A16B00012E1A2 /* DetailHeaderView.xib in Resources */ = {isa = PBXBuildFile; fileRef = ACB9CB1A1F9A16B00012E1A2 /* DetailHeaderView.xib */; };
		ACB9CB1D1F9A1E760012E1A2 /* DetailAboutView.swift in Sources */ = {isa = PBXBuildFile; fileRef = ACB9CB1C1F9A1E760012E1A2 /* DetailAboutView.swift */; };
		ACB9CB1F1F9A1E9A0012E1A2 /* DetailAboutView.xib in Resources */ = {isa = PBXBuildFile; fileRef = ACB9CB1E1F9A1E9A0012E1A2 /* DetailAboutView.xib */; };
		ACD2BF441F9BB7740042C54E /* Credits.swift in Sources */ = {isa = PBXBuildFile; fileRef = ACD2BF431F9BB7740042C54E /* Credits.swift */; };
		ACD2BF461F9BB8300042C54E /* MovieDetail.swift in Sources */ = {isa = PBXBuildFile; fileRef = ACD2BF451F9BB8300042C54E /* MovieDetail.swift */; };
		ACE02B9A1F9A0579006738C0 /* FeaturedViewController.swift in Sources */ = {isa = PBXBuildFile; fileRef = ACE02B981F9A0579006738C0 /* FeaturedViewController.swift */; };
		ACE02B9B1F9A0579006738C0 /* FeaturedViewController.xib in Resources */ = {isa = PBXBuildFile; fileRef = ACE02B991F9A0579006738C0 /* FeaturedViewController.xib */; };
		ACE02B9D1F9A0BD1006738C0 /* FeaturedPresenter.swift in Sources */ = {isa = PBXBuildFile; fileRef = ACE02B9C1F9A0BD1006738C0 /* FeaturedPresenter.swift */; };
		ACE7A02F1F91F5D400A53671 /* ImageRepository.swift in Sources */ = {isa = PBXBuildFile; fileRef = ACE7A02E1F91F5D400A53671 /* ImageRepository.swift */; };
		ACE7A0311F91F64300A53671 /* ImageSize.swift in Sources */ = {isa = PBXBuildFile; fileRef = ACE7A0301F91F64300A53671 /* ImageSize.swift */; };
		ACE7A0341F91F90100A53671 /* CoreAssembly.swift in Sources */ = {isa = PBXBuildFile; fileRef = ACE7A0331F91F90100A53671 /* CoreAssembly.swift */; };
		ACE7A0361F91F91400A53671 /* ImageLoadingAssembly.swift in Sources */ = {isa = PBXBuildFile; fileRef = ACE7A0351F91F91400A53671 /* ImageLoadingAssembly.swift */; };
		ACE7A0381F91F95E00A53671 /* WebServiceAssembly.swift in Sources */ = {isa = PBXBuildFile; fileRef = ACE7A0371F91F95E00A53671 /* WebServiceAssembly.swift */; };
		ACE7A03B1F92103E00A53671 /* Media.swift in Sources */ = {isa = PBXBuildFile; fileRef = ACE7A03A1F92103E00A53671 /* Media.swift */; };
		ACE7A03D1F92105400A53671 /* Movie.swift in Sources */ = {isa = PBXBuildFile; fileRef = ACE7A03C1F92105400A53671 /* Movie.swift */; };
		ACE7A03F1F92105A00A53671 /* Show.swift in Sources */ = {isa = PBXBuildFile; fileRef = ACE7A03E1F92105A00A53671 /* Show.swift */; };
		ACE7A0411F9210A800A53671 /* Person.swift in Sources */ = {isa = PBXBuildFile; fileRef = ACE7A0401F9210A800A53671 /* Person.swift */; };
/* End PBXBuildFile section */

/* Begin PBXContainerItemProxy section */
		AC6C8B671F90FEF2005BE6C0 /* PBXContainerItemProxy */ = {
			isa = PBXContainerItemProxy;
			containerPortal = AC6C8B4A1F90FEF2005BE6C0 /* Project object */;
			proxyType = 1;
			remoteGlobalIDString = AC6C8B511F90FEF2005BE6C0;
			remoteInfo = TMDb;
		};
		AC6C8B841F91006C005BE6C0 /* PBXContainerItemProxy */ = {
			isa = PBXContainerItemProxy;
			containerPortal = AC6C8B4A1F90FEF2005BE6C0 /* Project object */;
			proxyType = 1;
			remoteGlobalIDString = AC6C8B791F91006C005BE6C0;
			remoteInfo = TMDbCore;
		};
		AC6C8B861F91006C005BE6C0 /* PBXContainerItemProxy */ = {
			isa = PBXContainerItemProxy;
			containerPortal = AC6C8B4A1F90FEF2005BE6C0 /* Project object */;
			proxyType = 1;
			remoteGlobalIDString = AC6C8B511F90FEF2005BE6C0;
			remoteInfo = TMDb;
		};
		AC6C8B8D1F91006C005BE6C0 /* PBXContainerItemProxy */ = {
			isa = PBXContainerItemProxy;
			containerPortal = AC6C8B4A1F90FEF2005BE6C0 /* Project object */;
			proxyType = 1;
			remoteGlobalIDString = AC6C8B791F91006C005BE6C0;
			remoteInfo = TMDbCore;
		};
/* End PBXContainerItemProxy section */

/* Begin PBXCopyFilesBuildPhase section */
		AC6C8B961F91006C005BE6C0 /* Embed Frameworks */ = {
			isa = PBXCopyFilesBuildPhase;
			buildActionMask = 2147483647;
			dstPath = "";
			dstSubfolderSpec = 10;
			files = (
				AC6C8B901F91006C005BE6C0 /* TMDbCore.framework in Embed Frameworks */,
			);
			name = "Embed Frameworks";
			runOnlyForDeploymentPostprocessing = 0;
		};
/* End PBXCopyFilesBuildPhase section */

/* Begin PBXFileReference section */
		AC17151C1F9DF8D4001DC3AD /* MovieRepository.swift */ = {isa = PBXFileReference; lastKnownFileType = sourcecode.swift; path = MovieRepository.swift; sourceTree = "<group>"; };
		AC17151E1F9DF9C4001DC3AD /* MoviePresenter.swift */ = {isa = PBXFileReference; lastKnownFileType = sourcecode.swift; path = MoviePresenter.swift; sourceTree = "<group>"; };
		AC1715201F9DFCD3001DC3AD /* DetailHeader+MovieDetail.swift */ = {isa = PBXFileReference; lastKnownFileType = sourcecode.swift; path = "DetailHeader+MovieDetail.swift"; sourceTree = "<group>"; };
		AC1715221F9E03D6001DC3AD /* PosterStripItem+CastMember.swift */ = {isa = PBXFileReference; lastKnownFileType = sourcecode.swift; path = "PosterStripItem+CastMember.swift"; sourceTree = "<group>"; };
		AC1715241F9E1C48001DC3AD /* PersonDetail.swift */ = {isa = PBXFileReference; lastKnownFileType = sourcecode.swift; path = PersonDetail.swift; sourceTree = "<group>"; };
		AC1715261F9E1D02001DC3AD /* TaggedImage.swift */ = {isa = PBXFileReference; lastKnownFileType = sourcecode.swift; path = TaggedImage.swift; sourceTree = "<group>"; };
		AC17B62A1F9A3DEC00F0F479 /* PosterStripCell.swift */ = {isa = PBXFileReference; lastKnownFileType = sourcecode.swift; path = PosterStripCell.swift; sourceTree = "<group>"; };
		AC17B62B1F9A3DEC00F0F479 /* PosterStripCell.xib */ = {isa = PBXFileReference; lastKnownFileType = file.xib; path = PosterStripCell.xib; sourceTree = "<group>"; };
		AC17B62E1F9A401700F0F479 /* MediaType.swift */ = {isa = PBXFileReference; lastKnownFileType = sourcecode.swift; path = MediaType.swift; sourceTree = "<group>"; };
		AC17B6301F9A404200F0F479 /* UICollectionView+Reusable.swift */ = {isa = PBXFileReference; lastKnownFileType = sourcecode.swift; path = "UICollectionView+Reusable.swift"; sourceTree = "<group>"; };
		AC17B6331F9A408400F0F479 /* DetailAssembly.swift */ = {isa = PBXFileReference; lastKnownFileType = sourcecode.swift; path = DetailAssembly.swift; sourceTree = "<group>"; };
		AC17B6371F9A411400F0F479 /* PosterStripPresenter.swift */ = {isa = PBXFileReference; lastKnownFileType = sourcecode.swift; path = PosterStripPresenter.swift; sourceTree = "<group>"; };
		AC17B6391F9A423500F0F479 /* PosterStripView.swift */ = {isa = PBXFileReference; lastKnownFileType = sourcecode.swift; path = PosterStripView.swift; sourceTree = "<group>"; };
		AC17B63E1F9A427700F0F479 /* PosterStripView.xib */ = {isa = PBXFileReference; lastKnownFileType = file.xib; path = PosterStripView.xib; sourceTree = "<group>"; };
		AC17B6401F9A47B500F0F479 /* PosterStripLayout.swift */ = {isa = PBXFileReference; lastKnownFileType = sourcecode.swift; path = PosterStripLayout.swift; sourceTree = "<group>"; };
		AC2197C01F9B53A600B25C00 /* AppAssembly.swift */ = {isa = PBXFileReference; lastKnownFileType = sourcecode.swift; path = AppAssembly.swift; sourceTree = "<group>"; };
		AC2197C41F9B611000B25C00 /* DetailNavigator.swift */ = {isa = PBXFileReference; lastKnownFileType = sourcecode.swift; path = DetailNavigator.swift; sourceTree = "<group>"; };
		AC2197C61F9B626500B25C00 /* PhoneDetailNavigator.swift */ = {isa = PBXFileReference; lastKnownFileType = sourcecode.swift; path = PhoneDetailNavigator.swift; sourceTree = "<group>"; };
		AC2197C91F9B6EB000B25C00 /* SearchNavigator.swift */ = {isa = PBXFileReference; lastKnownFileType = sourcecode.swift; path = SearchNavigator.swift; sourceTree = "<group>"; };
		AC2197CB1F9B6F6800B25C00 /* PhoneSearchNavigator.swift */ = {isa = PBXFileReference; lastKnownFileType = sourcecode.swift; path = PhoneSearchNavigator.swift; sourceTree = "<group>"; };
		AC65F2401F99120300D2BA6D /* CardView.swift */ = {isa = PBXFileReference; lastKnownFileType = sourcecode.swift; path = CardView.swift; sourceTree = "<group>"; };
		AC65F2421F99121500D2BA6D /* CardView.xib */ = {isa = PBXFileReference; lastKnownFileType = file.xib; path = CardView.xib; sourceTree = "<group>"; };
		AC65F2441F9916F900D2BA6D /* CardPresenter.swift */ = {isa = PBXFileReference; lastKnownFileType = sourcecode.swift; path = CardPresenter.swift; sourceTree = "<group>"; };
		AC65F2461F99179E00D2BA6D /* Genre.swift */ = {isa = PBXFileReference; lastKnownFileType = sourcecode.swift; path = Genre.swift; sourceTree = "<group>"; };
		AC65F2481F99193200D2BA6D /* genres.json */ = {isa = PBXFileReference; lastKnownFileType = text.json; path = genres.json; sourceTree = "<group>"; };
		AC65F24B1F991B2C00D2BA6D /* FeaturedAssembly.swift */ = {isa = PBXFileReference; lastKnownFileType = sourcecode.swift; path = FeaturedAssembly.swift; sourceTree = "<group>"; };
		AC6C8B521F90FEF2005BE6C0 /* TMDb.app */ = {isa = PBXFileReference; explicitFileType = wrapper.application; includeInIndex = 0; path = TMDb.app; sourceTree = BUILT_PRODUCTS_DIR; };
		AC6C8B551F90FEF2005BE6C0 /* AppDelegate.swift */ = {isa = PBXFileReference; lastKnownFileType = sourcecode.swift; path = AppDelegate.swift; sourceTree = "<group>"; };
		AC6C8B5C1F90FEF2005BE6C0 /* Assets.xcassets */ = {isa = PBXFileReference; lastKnownFileType = folder.assetcatalog; path = Assets.xcassets; sourceTree = "<group>"; };
		AC6C8B5F1F90FEF2005BE6C0 /* Base */ = {isa = PBXFileReference; lastKnownFileType = file.storyboard; name = Base; path = Base.lproj/LaunchScreen.storyboard; sourceTree = "<group>"; };
		AC6C8B611F90FEF2005BE6C0 /* Info.plist */ = {isa = PBXFileReference; lastKnownFileType = text.plist.xml; path = Info.plist; sourceTree = "<group>"; };
		AC6C8B661F90FEF2005BE6C0 /* TMDbTests.xctest */ = {isa = PBXFileReference; explicitFileType = wrapper.cfbundle; includeInIndex = 0; path = TMDbTests.xctest; sourceTree = BUILT_PRODUCTS_DIR; };
		AC6C8B6A1F90FEF3005BE6C0 /* TMDbTests.swift */ = {isa = PBXFileReference; lastKnownFileType = sourcecode.swift; path = TMDbTests.swift; sourceTree = "<group>"; };
		AC6C8B6C1F90FEF3005BE6C0 /* Info.plist */ = {isa = PBXFileReference; lastKnownFileType = text.plist.xml; path = Info.plist; sourceTree = "<group>"; };
		AC6C8B7A1F91006C005BE6C0 /* TMDbCore.framework */ = {isa = PBXFileReference; explicitFileType = wrapper.framework; includeInIndex = 0; path = TMDbCore.framework; sourceTree = BUILT_PRODUCTS_DIR; };
		AC6C8B7C1F91006C005BE6C0 /* TMDbCore.h */ = {isa = PBXFileReference; lastKnownFileType = sourcecode.c.h; path = TMDbCore.h; sourceTree = "<group>"; };
		AC6C8B7D1F91006C005BE6C0 /* Info.plist */ = {isa = PBXFileReference; lastKnownFileType = text.plist.xml; path = Info.plist; sourceTree = "<group>"; };
		AC6C8B821F91006C005BE6C0 /* TMDbCoreTests.xctest */ = {isa = PBXFileReference; explicitFileType = wrapper.cfbundle; includeInIndex = 0; path = TMDbCoreTests.xctest; sourceTree = BUILT_PRODUCTS_DIR; };
		AC6C8B891F91006C005BE6C0 /* TMDbCoreTests.swift */ = {isa = PBXFileReference; lastKnownFileType = sourcecode.swift; path = TMDbCoreTests.swift; sourceTree = "<group>"; };
		AC6C8B8B1F91006C005BE6C0 /* Info.plist */ = {isa = PBXFileReference; lastKnownFileType = text.plist.xml; path = Info.plist; sourceTree = "<group>"; };
		AC6C8B9A1F9102BC005BE6C0 /* RxSwift.framework */ = {isa = PBXFileReference; lastKnownFileType = wrapper.framework; name = RxSwift.framework; path = Carthage/Build/iOS/RxSwift.framework; sourceTree = SOURCE_ROOT; };
		AC6C8B9B1F9102BC005BE6C0 /* RxBlocking.framework */ = {isa = PBXFileReference; lastKnownFileType = wrapper.framework; name = RxBlocking.framework; path = Carthage/Build/iOS/RxBlocking.framework; sourceTree = SOURCE_ROOT; };
		AC6C8B9C1F9102BC005BE6C0 /* Kingfisher.framework */ = {isa = PBXFileReference; lastKnownFileType = wrapper.framework; name = Kingfisher.framework; path = Carthage/Build/iOS/Kingfisher.framework; sourceTree = SOURCE_ROOT; };
		AC6C8B9D1F9102BC005BE6C0 /* RxTest.framework */ = {isa = PBXFileReference; lastKnownFileType = wrapper.framework; name = RxTest.framework; path = Carthage/Build/iOS/RxTest.framework; sourceTree = SOURCE_ROOT; };
		AC6C8B9E1F9102BC005BE6C0 /* RxCocoa.framework */ = {isa = PBXFileReference; lastKnownFileType = wrapper.framework; name = RxCocoa.framework; path = Carthage/Build/iOS/RxCocoa.framework; sourceTree = SOURCE_ROOT; };
		AC6C8BB31F910443005BE6C0 /* TMDbCore.swift */ = {isa = PBXFileReference; lastKnownFileType = sourcecode.swift; path = TMDbCore.swift; sourceTree = "<group>"; };
		AC6C8BB91F910718005BE6C0 /* Endpoint.swift */ = {isa = PBXFileReference; lastKnownFileType = sourcecode.swift; path = Endpoint.swift; sourceTree = "<group>"; };
		AC6C8BBB1F910897005BE6C0 /* WebServiceConfiguration.swift */ = {isa = PBXFileReference; lastKnownFileType = sourcecode.swift; path = WebServiceConfiguration.swift; sourceTree = "<group>"; };
		AC6C8BBD1F9109C6005BE6C0 /* WebService.swift */ = {isa = PBXFileReference; lastKnownFileType = sourcecode.swift; path = WebService.swift; sourceTree = "<group>"; };
		AC6C8BC01F912C5A005BE6C0 /* Configuration.swift */ = {isa = PBXFileReference; lastKnownFileType = sourcecode.swift; path = Configuration.swift; sourceTree = "<group>"; };
		AC6C8BC21F9130A3005BE6C0 /* Keys.xcconfig */ = {isa = PBXFileReference; lastKnownFileType = text.xcconfig; path = Keys.xcconfig; sourceTree = "<group>"; };
		AC7EB79A1F9B97C0002B214A /* Page.swift */ = {isa = PBXFileReference; lastKnownFileType = sourcecode.swift; path = Page.swift; sourceTree = "<group>"; };
		AC7EB79D1F9BA387002B214A /* FeaturedRepository.swift */ = {isa = PBXFileReference; lastKnownFileType = sourcecode.swift; path = FeaturedRepository.swift; sourceTree = "<group>"; };
		AC7EB7A01F9BAF18002B214A /* SearchResultsRepository.swift */ = {isa = PBXFileReference; lastKnownFileType = sourcecode.swift; path = SearchResultsRepository.swift; sourceTree = "<group>"; };
		AC995AA61F9218370007D195 /* SearchResult.swift */ = {isa = PBXFileReference; lastKnownFileType = sourcecode.swift; path = SearchResult.swift; sourceTree = "<group>"; };
		AC995AA91F9219CC0007D195 /* Date+Utilities.swift */ = {isa = PBXFileReference; lastKnownFileType = sourcecode.swift; path = "Date+Utilities.swift"; sourceTree = "<group>"; };
		AC995AAB1F921A190007D195 /* NibLoadableView.swift */ = {isa = PBXFileReference; lastKnownFileType = sourcecode.swift; path = NibLoadableView.swift; sourceTree = "<group>"; };
		AC995AAD1F921A4E0007D195 /* ReusableView.swift */ = {isa = PBXFileReference; lastKnownFileType = sourcecode.swift; path = ReusableView.swift; sourceTree = "<group>"; };
		AC995AAF1F921A760007D195 /* UITableView+Reusable.swift */ = {isa = PBXFileReference; lastKnownFileType = sourcecode.swift; path = "UITableView+Reusable.swift"; sourceTree = "<group>"; };
		AC995AB31F9223360007D195 /* SearchResultCell.swift */ = {isa = PBXFileReference; lastKnownFileType = sourcecode.swift; path = SearchResultCell.swift; sourceTree = "<group>"; };
		AC995AB41F9223360007D195 /* SearchResultCell.xib */ = {isa = PBXFileReference; lastKnownFileType = file.xib; path = SearchResultCell.xib; sourceTree = "<group>"; };
		AC995AB71F9228340007D195 /* SearchResultCellPresenter.swift */ = {isa = PBXFileReference; lastKnownFileType = sourcecode.swift; path = SearchResultCellPresenter.swift; sourceTree = "<group>"; };
		AC995AB91F922A1D0007D195 /* SearchAssembly.swift */ = {isa = PBXFileReference; lastKnownFileType = sourcecode.swift; path = SearchAssembly.swift; sourceTree = "<group>"; };
		AC9B07ED1F9E1E8700562A89 /* PersonRepository.swift */ = {isa = PBXFileReference; lastKnownFileType = sourcecode.swift; path = PersonRepository.swift; sourceTree = "<group>"; };
		AC9B07EF1F9E1F5F00562A89 /* PersonPresenter.swift */ = {isa = PBXFileReference; lastKnownFileType = sourcecode.swift; path = PersonPresenter.swift; sourceTree = "<group>"; };
		AC9B07F11F9E200900562A89 /* DetailHeader+PersonDetail.swift */ = {isa = PBXFileReference; lastKnownFileType = sourcecode.swift; path = "DetailHeader+PersonDetail.swift"; sourceTree = "<group>"; };
		ACA41D6C1F9A549700527B70 /* DetailSection.swift */ = {isa = PBXFileReference; lastKnownFileType = sourcecode.swift; path = DetailSection.swift; sourceTree = "<group>"; };
		ACA41D6E1F9A553C00527B70 /* DetailHeaderPresenter.swift */ = {isa = PBXFileReference; lastKnownFileType = sourcecode.swift; path = DetailHeaderPresenter.swift; sourceTree = "<group>"; };
		ACA41D701F9A56F200527B70 /* DetailPresenter.swift */ = {isa = PBXFileReference; lastKnownFileType = sourcecode.swift; path = DetailPresenter.swift; sourceTree = "<group>"; };
		ACAF63C71F94A5D900BD9FF1 /* SearchResultsPresenter.swift */ = {isa = PBXFileReference; lastKnownFileType = sourcecode.swift; path = SearchResultsPresenter.swift; sourceTree = "<group>"; };
		ACAF63C91F94A69B00BD9FF1 /* SearchResultsViewController.swift */ = {isa = PBXFileReference; lastKnownFileType = sourcecode.swift; path = SearchResultsViewController.swift; sourceTree = "<group>"; };
		ACAF63CC1F94BA6100BD9FF1 /* Core.xcassets */ = {isa = PBXFileReference; lastKnownFileType = folder.assetcatalog; path = Core.xcassets; sourceTree = "<group>"; };
		ACB9CB141F9A15580012E1A2 /* DetailViewController.swift */ = {isa = PBXFileReference; lastKnownFileType = sourcecode.swift; path = DetailViewController.swift; sourceTree = "<group>"; };
		ACB9CB151F9A15580012E1A2 /* DetailViewController.xib */ = {isa = PBXFileReference; lastKnownFileType = file.xib; path = DetailViewController.xib; sourceTree = "<group>"; };
		ACB9CB181F9A16A60012E1A2 /* DetailHeaderView.swift */ = {isa = PBXFileReference; lastKnownFileType = sourcecode.swift; path = DetailHeaderView.swift; sourceTree = "<group>"; };
		ACB9CB1A1F9A16B00012E1A2 /* DetailHeaderView.xib */ = {isa = PBXFileReference; lastKnownFileType = file.xib; path = DetailHeaderView.xib; sourceTree = "<group>"; };
		ACB9CB1C1F9A1E760012E1A2 /* DetailAboutView.swift */ = {isa = PBXFileReference; lastKnownFileType = sourcecode.swift; path = DetailAboutView.swift; sourceTree = "<group>"; };
		ACB9CB1E1F9A1E9A0012E1A2 /* DetailAboutView.xib */ = {isa = PBXFileReference; lastKnownFileType = file.xib; path = DetailAboutView.xib; sourceTree = "<group>"; };
		ACD2BF431F9BB7740042C54E /* Credits.swift */ = {isa = PBXFileReference; lastKnownFileType = sourcecode.swift; path = Credits.swift; sourceTree = "<group>"; };
		ACD2BF451F9BB8300042C54E /* MovieDetail.swift */ = {isa = PBXFileReference; lastKnownFileType = sourcecode.swift; path = MovieDetail.swift; sourceTree = "<group>"; };
		ACE02B981F9A0579006738C0 /* FeaturedViewController.swift */ = {isa = PBXFileReference; lastKnownFileType = sourcecode.swift; path = FeaturedViewController.swift; sourceTree = "<group>"; };
		ACE02B991F9A0579006738C0 /* FeaturedViewController.xib */ = {isa = PBXFileReference; lastKnownFileType = file.xib; path = FeaturedViewController.xib; sourceTree = "<group>"; };
		ACE02B9C1F9A0BD1006738C0 /* FeaturedPresenter.swift */ = {isa = PBXFileReference; lastKnownFileType = sourcecode.swift; path = FeaturedPresenter.swift; sourceTree = "<group>"; };
		ACE7A02E1F91F5D400A53671 /* ImageRepository.swift */ = {isa = PBXFileReference; lastKnownFileType = sourcecode.swift; path = ImageRepository.swift; sourceTree = "<group>"; };
		ACE7A0301F91F64300A53671 /* ImageSize.swift */ = {isa = PBXFileReference; lastKnownFileType = sourcecode.swift; path = ImageSize.swift; sourceTree = "<group>"; };
		ACE7A0331F91F90100A53671 /* CoreAssembly.swift */ = {isa = PBXFileReference; lastKnownFileType = sourcecode.swift; path = CoreAssembly.swift; sourceTree = "<group>"; };
		ACE7A0351F91F91400A53671 /* ImageLoadingAssembly.swift */ = {isa = PBXFileReference; lastKnownFileType = sourcecode.swift; path = ImageLoadingAssembly.swift; sourceTree = "<group>"; };
		ACE7A0371F91F95E00A53671 /* WebServiceAssembly.swift */ = {isa = PBXFileReference; lastKnownFileType = sourcecode.swift; path = WebServiceAssembly.swift; sourceTree = "<group>"; };
		ACE7A03A1F92103E00A53671 /* Media.swift */ = {isa = PBXFileReference; lastKnownFileType = sourcecode.swift; path = Media.swift; sourceTree = "<group>"; };
		ACE7A03C1F92105400A53671 /* Movie.swift */ = {isa = PBXFileReference; lastKnownFileType = sourcecode.swift; path = Movie.swift; sourceTree = "<group>"; };
		ACE7A03E1F92105A00A53671 /* Show.swift */ = {isa = PBXFileReference; lastKnownFileType = sourcecode.swift; path = Show.swift; sourceTree = "<group>"; };
		ACE7A0401F9210A800A53671 /* Person.swift */ = {isa = PBXFileReference; lastKnownFileType = sourcecode.swift; path = Person.swift; sourceTree = "<group>"; };
/* End PBXFileReference section */

/* Begin PBXFrameworksBuildPhase section */
		AC6C8B4F1F90FEF2005BE6C0 /* Frameworks */ = {
			isa = PBXFrameworksBuildPhase;
			buildActionMask = 2147483647;
			files = (
				AC6C8BA91F9102DF005BE6C0 /* RxSwift.framework in Frameworks */,
				AC6C8BA41F9102CF005BE6C0 /* RxCocoa.framework in Frameworks */,
				AC6C8B9F1F9102C0005BE6C0 /* Kingfisher.framework in Frameworks */,
				AC6C8B8F1F91006C005BE6C0 /* TMDbCore.framework in Frameworks */,
			);
			runOnlyForDeploymentPostprocessing = 0;
		};
		AC6C8B631F90FEF2005BE6C0 /* Frameworks */ = {
			isa = PBXFrameworksBuildPhase;
			buildActionMask = 2147483647;
			files = (
				AC6C8BAF1F9102E8005BE6C0 /* RxTest.framework in Frameworks */,
				AC6C8BA31F9102CC005BE6C0 /* RxBlocking.framework in Frameworks */,
			);
			runOnlyForDeploymentPostprocessing = 0;
		};
		AC6C8B761F91006C005BE6C0 /* Frameworks */ = {
			isa = PBXFrameworksBuildPhase;
			buildActionMask = 2147483647;
			files = (
				AC6C8BA71F9102D2005BE6C0 /* RxCocoa.framework in Frameworks */,
				AC6C8BA01F9102C2005BE6C0 /* Kingfisher.framework in Frameworks */,
				AC6C8BAA1F9102DF005BE6C0 /* RxSwift.framework in Frameworks */,
			);
			runOnlyForDeploymentPostprocessing = 0;
		};
		AC6C8B7F1F91006C005BE6C0 /* Frameworks */ = {
			isa = PBXFrameworksBuildPhase;
			buildActionMask = 2147483647;
			files = (
				AC6C8BAB1F9102E0005BE6C0 /* RxSwift.framework in Frameworks */,
				AC6C8BA81F9102D8005BE6C0 /* RxCocoa.framework in Frameworks */,
				AC6C8BA11F9102C3005BE6C0 /* Kingfisher.framework in Frameworks */,
				AC6C8BAE1F9102E6005BE6C0 /* RxTest.framework in Frameworks */,
				AC6C8B831F91006C005BE6C0 /* TMDbCore.framework in Frameworks */,
				AC6C8BB01F9102EB005BE6C0 /* RxBlocking.framework in Frameworks */,
			);
			runOnlyForDeploymentPostprocessing = 0;
		};
/* End PBXFrameworksBuildPhase section */

/* Begin PBXGroup section */
		AC17151B1F9DF8C0001DC3AD /* Repositories */ = {
			isa = PBXGroup;
			children = (
				AC17151C1F9DF8D4001DC3AD /* MovieRepository.swift */,
				AC9B07ED1F9E1E8700562A89 /* PersonRepository.swift */,
			);
			path = Repositories;
			sourceTree = "<group>";
		};
		AC17B6321F9A407C00F0F479 /* DI */ = {
			isa = PBXGroup;
			children = (
				AC17B6331F9A408400F0F479 /* DetailAssembly.swift */,
			);
			path = DI;
			sourceTree = "<group>";
		};
		AC2197C31F9B610100B25C00 /* Navigators */ = {
			isa = PBXGroup;
			children = (
				AC2197C41F9B611000B25C00 /* DetailNavigator.swift */,
				AC2197C61F9B626500B25C00 /* PhoneDetailNavigator.swift */,
			);
			path = Navigators;
			sourceTree = "<group>";
		};
		AC2197C81F9B6E9C00B25C00 /* Navigators */ = {
			isa = PBXGroup;
			children = (
				AC2197C91F9B6EB000B25C00 /* SearchNavigator.swift */,
				AC2197CB1F9B6F6800B25C00 /* PhoneSearchNavigator.swift */,
			);
			path = Navigators;
			sourceTree = "<group>";
		};
		AC31D5831F922A9B007D30BE /* DI */ = {
			isa = PBXGroup;
			children = (
				AC995AB91F922A1D0007D195 /* SearchAssembly.swift */,
			);
			path = DI;
			sourceTree = "<group>";
		};
		AC65F23D1F99109600D2BA6D /* Common */ = {
			isa = PBXGroup;
			children = (
				ACE7A0391F920F6F00A53671 /* Domain */,
				AC995AA81F9219BE0007D195 /* Utilities */,
				ACAF63CB1F94BA4A00BD9FF1 /* Assets */,
			);
			path = Common;
			sourceTree = "<group>";
		};
		AC65F23E1F9911BA00D2BA6D /* Featured */ = {
			isa = PBXGroup;
			children = (
				AC7EB79C1F9BA375002B214A /* Repositories */,
				AC7EB7991F9B97B4002B214A /* Domain */,
				AC65F24A1F991B2000D2BA6D /* DI */,
				AC65F23F1F9911DA00D2BA6D /* Presentation */,
			);
			path = Featured;
			sourceTree = "<group>";
		};
		AC65F23F1F9911DA00D2BA6D /* Presentation */ = {
			isa = PBXGroup;
			children = (
				AC65F2401F99120300D2BA6D /* CardView.swift */,
				AC65F2421F99121500D2BA6D /* CardView.xib */,
				AC65F2441F9916F900D2BA6D /* CardPresenter.swift */,
				ACE02B981F9A0579006738C0 /* FeaturedViewController.swift */,
				ACE02B991F9A0579006738C0 /* FeaturedViewController.xib */,
				ACE02B9C1F9A0BD1006738C0 /* FeaturedPresenter.swift */,
			);
			path = Presentation;
			sourceTree = "<group>";
		};
		AC65F24A1F991B2000D2BA6D /* DI */ = {
			isa = PBXGroup;
			children = (
				AC65F24B1F991B2C00D2BA6D /* FeaturedAssembly.swift */,
			);
			path = DI;
			sourceTree = "<group>";
		};
		AC6C8B491F90FEF2005BE6C0 = {
			isa = PBXGroup;
			children = (
				AC6C8B541F90FEF2005BE6C0 /* TMDb */,
				AC6C8B691F90FEF3005BE6C0 /* TMDbTests */,
				AC6C8B7B1F91006C005BE6C0 /* TMDbCore */,
				AC6C8B881F91006C005BE6C0 /* TMDbCoreTests */,
				AC6C8B991F91027D005BE6C0 /* Frameworks */,
				AC6C8B531F90FEF2005BE6C0 /* Products */,
			);
			sourceTree = "<group>";
		};
		AC6C8B531F90FEF2005BE6C0 /* Products */ = {
			isa = PBXGroup;
			children = (
				AC6C8B521F90FEF2005BE6C0 /* TMDb.app */,
				AC6C8B661F90FEF2005BE6C0 /* TMDbTests.xctest */,
				AC6C8B7A1F91006C005BE6C0 /* TMDbCore.framework */,
				AC6C8B821F91006C005BE6C0 /* TMDbCoreTests.xctest */,
			);
			name = Products;
			sourceTree = "<group>";
		};
		AC6C8B541F90FEF2005BE6C0 /* TMDb */ = {
			isa = PBXGroup;
			children = (
				AC6C8B551F90FEF2005BE6C0 /* AppDelegate.swift */,
				AC2197C01F9B53A600B25C00 /* AppAssembly.swift */,
				AC6C8B5C1F90FEF2005BE6C0 /* Assets.xcassets */,
				AC6C8B5E1F90FEF2005BE6C0 /* LaunchScreen.storyboard */,
				AC6C8B611F90FEF2005BE6C0 /* Info.plist */,
			);
			path = TMDb;
			sourceTree = "<group>";
		};
		AC6C8B691F90FEF3005BE6C0 /* TMDbTests */ = {
			isa = PBXGroup;
			children = (
				AC6C8B6A1F90FEF3005BE6C0 /* TMDbTests.swift */,
				AC6C8B6C1F90FEF3005BE6C0 /* Info.plist */,
			);
			path = TMDbTests;
			sourceTree = "<group>";
		};
		AC6C8B7B1F91006C005BE6C0 /* TMDbCore */ = {
			isa = PBXGroup;
			children = (
				ACE7A0321F91F8F400A53671 /* DI */,
				ACB9CB121F9A15300012E1A2 /* Details */,
				AC65F23E1F9911BA00D2BA6D /* Featured */,
				AC995AB11F9221840007D195 /* Search */,
				AC6C8BBF1F912C44005BE6C0 /* Image Loading */,
				AC6C8BB81F91070D005BE6C0 /* WebService */,
				AC65F23D1F99109600D2BA6D /* Common */,
				AC6C8BB51F910600005BE6C0 /* Config */,
				AC6C8B7C1F91006C005BE6C0 /* TMDbCore.h */,
				AC6C8BB31F910443005BE6C0 /* TMDbCore.swift */,
				AC6C8B7D1F91006C005BE6C0 /* Info.plist */,
			);
			path = TMDbCore;
			sourceTree = "<group>";
		};
		AC6C8B881F91006C005BE6C0 /* TMDbCoreTests */ = {
			isa = PBXGroup;
			children = (
				AC6C8B891F91006C005BE6C0 /* TMDbCoreTests.swift */,
				AC6C8B8B1F91006C005BE6C0 /* Info.plist */,
			);
			path = TMDbCoreTests;
			sourceTree = "<group>";
		};
		AC6C8B991F91027D005BE6C0 /* Frameworks */ = {
			isa = PBXGroup;
			children = (
				AC6C8B9C1F9102BC005BE6C0 /* Kingfisher.framework */,
				AC6C8B9B1F9102BC005BE6C0 /* RxBlocking.framework */,
				AC6C8B9E1F9102BC005BE6C0 /* RxCocoa.framework */,
				AC6C8B9A1F9102BC005BE6C0 /* RxSwift.framework */,
				AC6C8B9D1F9102BC005BE6C0 /* RxTest.framework */,
			);
			path = Frameworks;
			sourceTree = "<group>";
		};
		AC6C8BB51F910600005BE6C0 /* Config */ = {
			isa = PBXGroup;
			children = (
				AC6C8BC21F9130A3005BE6C0 /* Keys.xcconfig */,
			);
			path = Config;
			sourceTree = "<group>";
		};
		AC6C8BB81F91070D005BE6C0 /* WebService */ = {
			isa = PBXGroup;
			children = (
				AC6C8BB91F910718005BE6C0 /* Endpoint.swift */,
				AC6C8BBB1F910897005BE6C0 /* WebServiceConfiguration.swift */,
				AC6C8BBD1F9109C6005BE6C0 /* WebService.swift */,
				ACE7A0371F91F95E00A53671 /* WebServiceAssembly.swift */,
			);
			path = WebService;
			sourceTree = "<group>";
		};
		AC6C8BBF1F912C44005BE6C0 /* Image Loading */ = {
			isa = PBXGroup;
			children = (
				AC6C8BC01F912C5A005BE6C0 /* Configuration.swift */,
				ACE7A02E1F91F5D400A53671 /* ImageRepository.swift */,
				ACE7A0301F91F64300A53671 /* ImageSize.swift */,
				ACE7A0351F91F91400A53671 /* ImageLoadingAssembly.swift */,
			);
			path = "Image Loading";
			sourceTree = "<group>";
		};
		AC7EB7991F9B97B4002B214A /* Domain */ = {
			isa = PBXGroup;
			children = (
				AC7EB79A1F9B97C0002B214A /* Page.swift */,
			);
			path = Domain;
			sourceTree = "<group>";
		};
		AC7EB79C1F9BA375002B214A /* Repositories */ = {
			isa = PBXGroup;
			children = (
				AC7EB79D1F9BA387002B214A /* FeaturedRepository.swift */,
			);
			path = Repositories;
			sourceTree = "<group>";
		};
		AC7EB79F1F9BAF06002B214A /* Repositories */ = {
			isa = PBXGroup;
			children = (
				AC7EB7A01F9BAF18002B214A /* SearchResultsRepository.swift */,
			);
			path = Repositories;
			sourceTree = "<group>";
		};
		AC995AA81F9219BE0007D195 /* Utilities */ = {
			isa = PBXGroup;
			children = (
				AC995AA91F9219CC0007D195 /* Date+Utilities.swift */,
				AC995AAB1F921A190007D195 /* NibLoadableView.swift */,
				AC995AAD1F921A4E0007D195 /* ReusableView.swift */,
				AC995AAF1F921A760007D195 /* UITableView+Reusable.swift */,
				AC17B6301F9A404200F0F479 /* UICollectionView+Reusable.swift */,
			);
			path = Utilities;
			sourceTree = "<group>";
		};
		AC995AB11F9221840007D195 /* Search */ = {
			isa = PBXGroup;
			children = (
				AC7EB79F1F9BAF06002B214A /* Repositories */,
				AC2197C81F9B6E9C00B25C00 /* Navigators */,
				AC31D5831F922A9B007D30BE /* DI */,
				AC995AB21F9223010007D195 /* Presentation */,
			);
			path = Search;
			sourceTree = "<group>";
		};
		AC995AB21F9223010007D195 /* Presentation */ = {
			isa = PBXGroup;
			children = (
				AC995AB31F9223360007D195 /* SearchResultCell.swift */,
				AC995AB41F9223360007D195 /* SearchResultCell.xib */,
				AC995AB71F9228340007D195 /* SearchResultCellPresenter.swift */,
				ACAF63C71F94A5D900BD9FF1 /* SearchResultsPresenter.swift */,
				ACAF63C91F94A69B00BD9FF1 /* SearchResultsViewController.swift */,
			);
			path = Presentation;
			sourceTree = "<group>";
		};
		ACA41D6B1F9A548C00527B70 /* Domain */ = {
			isa = PBXGroup;
			children = (
				ACA41D6C1F9A549700527B70 /* DetailSection.swift */,
				ACD2BF431F9BB7740042C54E /* Credits.swift */,
				ACD2BF451F9BB8300042C54E /* MovieDetail.swift */,
				AC1715201F9DFCD3001DC3AD /* DetailHeader+MovieDetail.swift */,
				AC1715221F9E03D6001DC3AD /* PosterStripItem+CastMember.swift */,
				AC1715241F9E1C48001DC3AD /* PersonDetail.swift */,
				AC1715261F9E1D02001DC3AD /* TaggedImage.swift */,
				AC9B07F11F9E200900562A89 /* DetailHeader+PersonDetail.swift */,
			);
			path = Domain;
			sourceTree = "<group>";
		};
		ACAF63CB1F94BA4A00BD9FF1 /* Assets */ = {
			isa = PBXGroup;
			children = (
				ACAF63CC1F94BA6100BD9FF1 /* Core.xcassets */,
			);
			path = Assets;
			sourceTree = "<group>";
		};
		ACB9CB121F9A15300012E1A2 /* Details */ = {
			isa = PBXGroup;
			children = (
				AC17151B1F9DF8C0001DC3AD /* Repositories */,
				AC2197C31F9B610100B25C00 /* Navigators */,
				ACA41D6B1F9A548C00527B70 /* Domain */,
				AC17B6321F9A407C00F0F479 /* DI */,
				ACB9CB131F9A153F0012E1A2 /* Presentation */,
			);
			path = Details;
			sourceTree = "<group>";
		};
		ACB9CB131F9A153F0012E1A2 /* Presentation */ = {
			isa = PBXGroup;
			children = (
				ACB9CB141F9A15580012E1A2 /* DetailViewController.swift */,
				ACB9CB151F9A15580012E1A2 /* DetailViewController.xib */,
				ACB9CB181F9A16A60012E1A2 /* DetailHeaderView.swift */,
				ACB9CB1A1F9A16B00012E1A2 /* DetailHeaderView.xib */,
				ACB9CB1C1F9A1E760012E1A2 /* DetailAboutView.swift */,
				ACB9CB1E1F9A1E9A0012E1A2 /* DetailAboutView.xib */,
				AC17B62A1F9A3DEC00F0F479 /* PosterStripCell.swift */,
				AC17B62B1F9A3DEC00F0F479 /* PosterStripCell.xib */,
				AC17B6371F9A411400F0F479 /* PosterStripPresenter.swift */,
				AC17B6391F9A423500F0F479 /* PosterStripView.swift */,
				AC17B63E1F9A427700F0F479 /* PosterStripView.xib */,
				AC17B6401F9A47B500F0F479 /* PosterStripLayout.swift */,
				ACA41D6E1F9A553C00527B70 /* DetailHeaderPresenter.swift */,
				ACA41D701F9A56F200527B70 /* DetailPresenter.swift */,
				AC17151E1F9DF9C4001DC3AD /* MoviePresenter.swift */,
				AC9B07EF1F9E1F5F00562A89 /* PersonPresenter.swift */,
			);
			path = Presentation;
			sourceTree = "<group>";
		};
		ACE7A0321F91F8F400A53671 /* DI */ = {
			isa = PBXGroup;
			children = (
				ACE7A0331F91F90100A53671 /* CoreAssembly.swift */,
			);
			path = DI;
			sourceTree = "<group>";
		};
		ACE7A0391F920F6F00A53671 /* Domain */ = {
			isa = PBXGroup;
			children = (
				ACE7A03A1F92103E00A53671 /* Media.swift */,
				ACE7A03C1F92105400A53671 /* Movie.swift */,
				ACE7A03E1F92105A00A53671 /* Show.swift */,
				ACE7A0401F9210A800A53671 /* Person.swift */,
				AC995AA61F9218370007D195 /* SearchResult.swift */,
				AC65F2461F99179E00D2BA6D /* Genre.swift */,
				AC65F2481F99193200D2BA6D /* genres.json */,
				AC17B62E1F9A401700F0F479 /* MediaType.swift */,
			);
			path = Domain;
			sourceTree = "<group>";
		};
/* End PBXGroup section */

/* Begin PBXHeadersBuildPhase section */
		AC6C8B771F91006C005BE6C0 /* Headers */ = {
			isa = PBXHeadersBuildPhase;
			buildActionMask = 2147483647;
			files = (
				AC6C8B8C1F91006C005BE6C0 /* TMDbCore.h in Headers */,
			);
			runOnlyForDeploymentPostprocessing = 0;
		};
/* End PBXHeadersBuildPhase section */

/* Begin PBXNativeTarget section */
		AC6C8B511F90FEF2005BE6C0 /* TMDb */ = {
			isa = PBXNativeTarget;
			buildConfigurationList = AC6C8B6F1F90FEF3005BE6C0 /* Build configuration list for PBXNativeTarget "TMDb" */;
			buildPhases = (
				AC6C8B4E1F90FEF2005BE6C0 /* Sources */,
				AC6C8B4F1F90FEF2005BE6C0 /* Frameworks */,
				AC6C8B501F90FEF2005BE6C0 /* Resources */,
				AC6C8B961F91006C005BE6C0 /* Embed Frameworks */,
				AC6C8BB21F910361005BE6C0 /* ShellScript */,
			);
			buildRules = (
			);
			dependencies = (
				AC6C8B8E1F91006C005BE6C0 /* PBXTargetDependency */,
			);
			name = TMDb;
			productName = TMDb;
			productReference = AC6C8B521F90FEF2005BE6C0 /* TMDb.app */;
			productType = "com.apple.product-type.application";
		};
		AC6C8B651F90FEF2005BE6C0 /* TMDbTests */ = {
			isa = PBXNativeTarget;
			buildConfigurationList = AC6C8B721F90FEF3005BE6C0 /* Build configuration list for PBXNativeTarget "TMDbTests" */;
			buildPhases = (
				AC6C8B621F90FEF2005BE6C0 /* Sources */,
				AC6C8B631F90FEF2005BE6C0 /* Frameworks */,
				AC6C8B641F90FEF2005BE6C0 /* Resources */,
			);
			buildRules = (
			);
			dependencies = (
				AC6C8B681F90FEF2005BE6C0 /* PBXTargetDependency */,
			);
			name = TMDbTests;
			productName = TMDbTests;
			productReference = AC6C8B661F90FEF2005BE6C0 /* TMDbTests.xctest */;
			productType = "com.apple.product-type.bundle.unit-test";
		};
		AC6C8B791F91006C005BE6C0 /* TMDbCore */ = {
			isa = PBXNativeTarget;
			buildConfigurationList = AC6C8B951F91006C005BE6C0 /* Build configuration list for PBXNativeTarget "TMDbCore" */;
			buildPhases = (
				AC6C8B751F91006C005BE6C0 /* Sources */,
				AC6C8B761F91006C005BE6C0 /* Frameworks */,
				AC6C8B771F91006C005BE6C0 /* Headers */,
				AC6C8B781F91006C005BE6C0 /* Resources */,
				AC6C8BB11F910324005BE6C0 /* ShellScript */,
			);
			buildRules = (
			);
			dependencies = (
			);
			name = TMDbCore;
			productName = TMDbCore;
			productReference = AC6C8B7A1F91006C005BE6C0 /* TMDbCore.framework */;
			productType = "com.apple.product-type.framework";
		};
		AC6C8B811F91006C005BE6C0 /* TMDbCoreTests */ = {
			isa = PBXNativeTarget;
			buildConfigurationList = AC6C8B971F91006C005BE6C0 /* Build configuration list for PBXNativeTarget "TMDbCoreTests" */;
			buildPhases = (
				AC6C8B7E1F91006C005BE6C0 /* Sources */,
				AC6C8B7F1F91006C005BE6C0 /* Frameworks */,
				AC6C8B801F91006C005BE6C0 /* Resources */,
			);
			buildRules = (
			);
			dependencies = (
				AC6C8B851F91006C005BE6C0 /* PBXTargetDependency */,
				AC6C8B871F91006C005BE6C0 /* PBXTargetDependency */,
			);
			name = TMDbCoreTests;
			productName = TMDbCoreTests;
			productReference = AC6C8B821F91006C005BE6C0 /* TMDbCoreTests.xctest */;
			productType = "com.apple.product-type.bundle.unit-test";
		};
/* End PBXNativeTarget section */

/* Begin PBXProject section */
		AC6C8B4A1F90FEF2005BE6C0 /* Project object */ = {
			isa = PBXProject;
			attributes = {
				LastSwiftUpdateCheck = 0900;
				LastUpgradeCheck = 0900;
				ORGANIZATIONNAME = "Alexandre Freire García";
				TargetAttributes = {
					AC6C8B511F90FEF2005BE6C0 = {
						CreatedOnToolsVersion = 9.0;
						ProvisioningStyle = Automatic;
					};
					AC6C8B651F90FEF2005BE6C0 = {
						CreatedOnToolsVersion = 9.0;
						ProvisioningStyle = Automatic;
						TestTargetID = AC6C8B511F90FEF2005BE6C0;
					};
					AC6C8B791F91006C005BE6C0 = {
						CreatedOnToolsVersion = 9.0;
						LastSwiftMigration = 0900;
						ProvisioningStyle = Automatic;
					};
					AC6C8B811F91006C005BE6C0 = {
						CreatedOnToolsVersion = 9.0;
						ProvisioningStyle = Automatic;
						TestTargetID = AC6C8B511F90FEF2005BE6C0;
					};
				};
			};
			buildConfigurationList = AC6C8B4D1F90FEF2005BE6C0 /* Build configuration list for PBXProject "TMDb" */;
			compatibilityVersion = "Xcode 8.0";
			developmentRegion = en;
			hasScannedForEncodings = 0;
			knownRegions = (
				en,
				Base,
			);
			mainGroup = AC6C8B491F90FEF2005BE6C0;
			productRefGroup = AC6C8B531F90FEF2005BE6C0 /* Products */;
			projectDirPath = "";
			projectRoot = "";
			targets = (
				AC6C8B511F90FEF2005BE6C0 /* TMDb */,
				AC6C8B651F90FEF2005BE6C0 /* TMDbTests */,
				AC6C8B791F91006C005BE6C0 /* TMDbCore */,
				AC6C8B811F91006C005BE6C0 /* TMDbCoreTests */,
			);
		};
/* End PBXProject section */

/* Begin PBXResourcesBuildPhase section */
		AC6C8B501F90FEF2005BE6C0 /* Resources */ = {
			isa = PBXResourcesBuildPhase;
			buildActionMask = 2147483647;
			files = (
				AC6C8B601F90FEF2005BE6C0 /* LaunchScreen.storyboard in Resources */,
				AC6C8B5D1F90FEF2005BE6C0 /* Assets.xcassets in Resources */,
			);
			runOnlyForDeploymentPostprocessing = 0;
		};
		AC6C8B641F90FEF2005BE6C0 /* Resources */ = {
			isa = PBXResourcesBuildPhase;
			buildActionMask = 2147483647;
			files = (
			);
			runOnlyForDeploymentPostprocessing = 0;
		};
		AC6C8B781F91006C005BE6C0 /* Resources */ = {
			isa = PBXResourcesBuildPhase;
			buildActionMask = 2147483647;
			files = (
				ACE02B9B1F9A0579006738C0 /* FeaturedViewController.xib in Resources */,
				ACB9CB171F9A15580012E1A2 /* DetailViewController.xib in Resources */,
				AC17B62D1F9A3DEC00F0F479 /* PosterStripCell.xib in Resources */,
				ACAF63CD1F94BA6100BD9FF1 /* Core.xcassets in Resources */,
				AC17B63F1F9A427700F0F479 /* PosterStripView.xib in Resources */,
				AC995AB61F9223360007D195 /* SearchResultCell.xib in Resources */,
				AC65F2431F99121500D2BA6D /* CardView.xib in Resources */,
				ACB9CB1F1F9A1E9A0012E1A2 /* DetailAboutView.xib in Resources */,
				AC65F2491F99193200D2BA6D /* genres.json in Resources */,
				ACB9CB1B1F9A16B00012E1A2 /* DetailHeaderView.xib in Resources */,
			);
			runOnlyForDeploymentPostprocessing = 0;
		};
		AC6C8B801F91006C005BE6C0 /* Resources */ = {
			isa = PBXResourcesBuildPhase;
			buildActionMask = 2147483647;
			files = (
			);
			runOnlyForDeploymentPostprocessing = 0;
		};
/* End PBXResourcesBuildPhase section */

/* Begin PBXShellScriptBuildPhase section */
		AC6C8BB11F910324005BE6C0 /* ShellScript */ = {
			isa = PBXShellScriptBuildPhase;
			buildActionMask = 2147483647;
			files = (
			);
			inputPaths = (
				"$(SRCROOT)/Carthage/Build/iOS/RxSwift.framework",
				"$(SRCROOT)/Carthage/Build/iOS/Kingfisher.framework",
				"$(SRCROOT)/Carthage/Build/iOS/RxCocoa.framework",
			);
			outputPaths = (
			);
			runOnlyForDeploymentPostprocessing = 0;
			shellPath = /bin/sh;
			shellScript = "/usr/local/bin/carthage copy-frameworks";
		};
		AC6C8BB21F910361005BE6C0 /* ShellScript */ = {
			isa = PBXShellScriptBuildPhase;
			buildActionMask = 2147483647;
			files = (
			);
			inputPaths = (
				"$(SRCROOT)/Carthage/Build/iOS/RxSwift.framework",
				"$(SRCROOT)/Carthage/Build/iOS/Kingfisher.framework",
				"$(SRCROOT)/Carthage/Build/iOS/RxCocoa.framework",
			);
			outputPaths = (
			);
			runOnlyForDeploymentPostprocessing = 0;
			shellPath = /bin/sh;
			shellScript = "/usr/local/bin/carthage copy-frameworks";
		};
/* End PBXShellScriptBuildPhase section */

/* Begin PBXSourcesBuildPhase section */
		AC6C8B4E1F90FEF2005BE6C0 /* Sources */ = {
			isa = PBXSourcesBuildPhase;
			buildActionMask = 2147483647;
			files = (
				AC6C8B561F90FEF2005BE6C0 /* AppDelegate.swift in Sources */,
				AC2197C11F9B53A600B25C00 /* AppAssembly.swift in Sources */,
			);
			runOnlyForDeploymentPostprocessing = 0;
		};
		AC6C8B621F90FEF2005BE6C0 /* Sources */ = {
			isa = PBXSourcesBuildPhase;
			buildActionMask = 2147483647;
			files = (
				AC6C8B6B1F90FEF3005BE6C0 /* TMDbTests.swift in Sources */,
			);
			runOnlyForDeploymentPostprocessing = 0;
		};
		AC6C8B751F91006C005BE6C0 /* Sources */ = {
			isa = PBXSourcesBuildPhase;
			buildActionMask = 2147483647;
			files = (
				AC65F2471F99179E00D2BA6D /* Genre.swift in Sources */,
				AC9B07EE1F9E1E8700562A89 /* PersonRepository.swift in Sources */,
				ACA41D711F9A56F200527B70 /* DetailPresenter.swift in Sources */,
				AC7EB79B1F9B97C0002B214A /* Page.swift in Sources */,
				ACE7A03B1F92103E00A53671 /* Media.swift in Sources */,
				ACAF63CA1F94A69B00BD9FF1 /* SearchResultsViewController.swift in Sources */,
				AC6C8BBA1F910718005BE6C0 /* Endpoint.swift in Sources */,
				ACA41D6D1F9A549700527B70 /* DetailSection.swift in Sources */,
				AC17B6381F9A411400F0F479 /* PosterStripPresenter.swift in Sources */,
				AC995AB01F921A760007D195 /* UITableView+Reusable.swift in Sources */,
				AC1715211F9DFCD3001DC3AD /* DetailHeader+MovieDetail.swift in Sources */,
				AC65F24C1F991B2C00D2BA6D /* FeaturedAssembly.swift in Sources */,
				AC995ABA1F922A1D0007D195 /* SearchAssembly.swift in Sources */,
				ACAF63C81F94A5D900BD9FF1 /* SearchResultsPresenter.swift in Sources */,
				AC1715251F9E1C48001DC3AD /* PersonDetail.swift in Sources */,
				AC17151D1F9DF8D4001DC3AD /* MovieRepository.swift in Sources */,
				ACB9CB191F9A16A60012E1A2 /* DetailHeaderView.swift in Sources */,
				ACE7A03D1F92105400A53671 /* Movie.swift in Sources */,
				AC995AB81F9228340007D195 /* SearchResultCellPresenter.swift in Sources */,
				AC17B6341F9A408400F0F479 /* DetailAssembly.swift in Sources */,
				ACE7A02F1F91F5D400A53671 /* ImageRepository.swift in Sources */,
				AC995AAA1F9219CC0007D195 /* Date+Utilities.swift in Sources */,
				ACE7A0411F9210A800A53671 /* Person.swift in Sources */,
				AC6C8BC11F912C5A005BE6C0 /* Configuration.swift in Sources */,
				AC995AAC1F921A190007D195 /* NibLoadableView.swift in Sources */,
				ACB9CB1D1F9A1E760012E1A2 /* DetailAboutView.swift in Sources */,
				AC6C8BBC1F910897005BE6C0 /* WebServiceConfiguration.swift in Sources */,
				AC65F2411F99120300D2BA6D /* CardView.swift in Sources */,
				AC7EB7A11F9BAF18002B214A /* SearchResultsRepository.swift in Sources */,
				AC9B07F21F9E200900562A89 /* DetailHeader+PersonDetail.swift in Sources */,
				AC995AAE1F921A4E0007D195 /* ReusableView.swift in Sources */,
				AC7EB79E1F9BA387002B214A /* FeaturedRepository.swift in Sources */,
				AC17B62F1F9A401700F0F479 /* MediaType.swift in Sources */,
				AC17B6411F9A47B500F0F479 /* PosterStripLayout.swift in Sources */,
				AC2197C51F9B611000B25C00 /* DetailNavigator.swift in Sources */,
				ACE02B9D1F9A0BD1006738C0 /* FeaturedPresenter.swift in Sources */,
				ACB9CB161F9A15580012E1A2 /* DetailViewController.swift in Sources */,
				ACE7A0381F91F95E00A53671 /* WebServiceAssembly.swift in Sources */,
				AC6C8BBE1F9109C6005BE6C0 /* WebService.swift in Sources */,
				ACE7A0311F91F64300A53671 /* ImageSize.swift in Sources */,
				AC995AB51F9223360007D195 /* SearchResultCell.swift in Sources */,
				AC1715231F9E03D6001DC3AD /* PosterStripItem+CastMember.swift in Sources */,
				AC2197CC1F9B6F6800B25C00 /* PhoneSearchNavigator.swift in Sources */,
				AC995AA71F9218370007D195 /* SearchResult.swift in Sources */,
				ACE7A0341F91F90100A53671 /* CoreAssembly.swift in Sources */,
				AC65F2451F9916F900D2BA6D /* CardPresenter.swift in Sources */,
				ACE7A03F1F92105A00A53671 /* Show.swift in Sources */,
				AC1715271F9E1D02001DC3AD /* TaggedImage.swift in Sources */,
				AC9B07F01F9E1F5F00562A89 /* PersonPresenter.swift in Sources */,
				AC2197C71F9B626500B25C00 /* PhoneDetailNavigator.swift in Sources */,
				AC17151F1F9DF9C4001DC3AD /* MoviePresenter.swift in Sources */,
				ACE7A0361F91F91400A53671 /* ImageLoadingAssembly.swift in Sources */,
				ACD2BF441F9BB7740042C54E /* Credits.swift in Sources */,
				AC17B63A1F9A423500F0F479 /* PosterStripView.swift in Sources */,
				AC17B62C1F9A3DEC00F0F479 /* PosterStripCell.swift in Sources */,
				AC2197CA1F9B6EB000B25C00 /* SearchNavigator.swift in Sources */,
				ACD2BF461F9BB8300042C54E /* MovieDetail.swift in Sources */,
				AC17B6311F9A404200F0F479 /* UICollectionView+Reusable.swift in Sources */,
				ACE02B9A1F9A0579006738C0 /* FeaturedViewController.swift in Sources */,
				ACA41D6F1F9A553C00527B70 /* DetailHeaderPresenter.swift in Sources */,
				AC6C8BB41F910443005BE6C0 /* TMDbCore.swift in Sources */,
			);
			runOnlyForDeploymentPostprocessing = 0;
		};
		AC6C8B7E1F91006C005BE6C0 /* Sources */ = {
			isa = PBXSourcesBuildPhase;
			buildActionMask = 2147483647;
			files = (
				AC6C8B8A1F91006C005BE6C0 /* TMDbCoreTests.swift in Sources */,
			);
			runOnlyForDeploymentPostprocessing = 0;
		};
/* End PBXSourcesBuildPhase section */

/* Begin PBXTargetDependency section */
		AC6C8B681F90FEF2005BE6C0 /* PBXTargetDependency */ = {
			isa = PBXTargetDependency;
			target = AC6C8B511F90FEF2005BE6C0 /* TMDb */;
			targetProxy = AC6C8B671F90FEF2005BE6C0 /* PBXContainerItemProxy */;
		};
		AC6C8B851F91006C005BE6C0 /* PBXTargetDependency */ = {
			isa = PBXTargetDependency;
			target = AC6C8B791F91006C005BE6C0 /* TMDbCore */;
			targetProxy = AC6C8B841F91006C005BE6C0 /* PBXContainerItemProxy */;
		};
		AC6C8B871F91006C005BE6C0 /* PBXTargetDependency */ = {
			isa = PBXTargetDependency;
			target = AC6C8B511F90FEF2005BE6C0 /* TMDb */;
			targetProxy = AC6C8B861F91006C005BE6C0 /* PBXContainerItemProxy */;
		};
		AC6C8B8E1F91006C005BE6C0 /* PBXTargetDependency */ = {
			isa = PBXTargetDependency;
			target = AC6C8B791F91006C005BE6C0 /* TMDbCore */;
			targetProxy = AC6C8B8D1F91006C005BE6C0 /* PBXContainerItemProxy */;
		};
/* End PBXTargetDependency section */

/* Begin PBXVariantGroup section */
		AC6C8B5E1F90FEF2005BE6C0 /* LaunchScreen.storyboard */ = {
			isa = PBXVariantGroup;
			children = (
				AC6C8B5F1F90FEF2005BE6C0 /* Base */,
			);
			name = LaunchScreen.storyboard;
			sourceTree = "<group>";
		};
/* End PBXVariantGroup section */

/* Begin XCBuildConfiguration section */
		AC6C8B6D1F90FEF3005BE6C0 /* Debug */ = {
			isa = XCBuildConfiguration;
			buildSettings = {
				ALWAYS_SEARCH_USER_PATHS = NO;
				CLANG_ANALYZER_NONNULL = YES;
				CLANG_ANALYZER_NUMBER_OBJECT_CONVERSION = YES_AGGRESSIVE;
				CLANG_CXX_LANGUAGE_STANDARD = "gnu++14";
				CLANG_CXX_LIBRARY = "libc++";
				CLANG_ENABLE_MODULES = YES;
				CLANG_ENABLE_OBJC_ARC = YES;
				CLANG_WARN_BLOCK_CAPTURE_AUTORELEASING = YES;
				CLANG_WARN_BOOL_CONVERSION = YES;
				CLANG_WARN_COMMA = YES;
				CLANG_WARN_CONSTANT_CONVERSION = YES;
				CLANG_WARN_DIRECT_OBJC_ISA_USAGE = YES_ERROR;
				CLANG_WARN_DOCUMENTATION_COMMENTS = YES;
				CLANG_WARN_EMPTY_BODY = YES;
				CLANG_WARN_ENUM_CONVERSION = YES;
				CLANG_WARN_INFINITE_RECURSION = YES;
				CLANG_WARN_INT_CONVERSION = YES;
				CLANG_WARN_NON_LITERAL_NULL_CONVERSION = YES;
				CLANG_WARN_OBJC_LITERAL_CONVERSION = YES;
				CLANG_WARN_OBJC_ROOT_CLASS = YES_ERROR;
				CLANG_WARN_RANGE_LOOP_ANALYSIS = YES;
				CLANG_WARN_STRICT_PROTOTYPES = YES;
				CLANG_WARN_SUSPICIOUS_MOVE = YES;
				CLANG_WARN_UNGUARDED_AVAILABILITY = YES_AGGRESSIVE;
				CLANG_WARN_UNREACHABLE_CODE = YES;
				CLANG_WARN__DUPLICATE_METHOD_MATCH = YES;
				CODE_SIGN_IDENTITY = "iPhone Developer";
				COPY_PHASE_STRIP = NO;
				DEBUG_INFORMATION_FORMAT = dwarf;
				ENABLE_STRICT_OBJC_MSGSEND = YES;
				ENABLE_TESTABILITY = YES;
				GCC_C_LANGUAGE_STANDARD = gnu11;
				GCC_DYNAMIC_NO_PIC = NO;
				GCC_NO_COMMON_BLOCKS = YES;
				GCC_OPTIMIZATION_LEVEL = 0;
				GCC_PREPROCESSOR_DEFINITIONS = (
					"DEBUG=1",
					"$(inherited)",
				);
				GCC_WARN_64_TO_32_BIT_CONVERSION = YES;
				GCC_WARN_ABOUT_RETURN_TYPE = YES_ERROR;
				GCC_WARN_UNDECLARED_SELECTOR = YES;
				GCC_WARN_UNINITIALIZED_AUTOS = YES_AGGRESSIVE;
				GCC_WARN_UNUSED_FUNCTION = YES;
				GCC_WARN_UNUSED_VARIABLE = YES;
				IPHONEOS_DEPLOYMENT_TARGET = 11.0;
				MTL_ENABLE_DEBUG_INFO = YES;
				ONLY_ACTIVE_ARCH = YES;
				SDKROOT = iphoneos;
				SWIFT_ACTIVE_COMPILATION_CONDITIONS = DEBUG;
				SWIFT_OPTIMIZATION_LEVEL = "-Onone";
			};
			name = Debug;
		};
		AC6C8B6E1F90FEF3005BE6C0 /* Release */ = {
			isa = XCBuildConfiguration;
			buildSettings = {
				ALWAYS_SEARCH_USER_PATHS = NO;
				CLANG_ANALYZER_NONNULL = YES;
				CLANG_ANALYZER_NUMBER_OBJECT_CONVERSION = YES_AGGRESSIVE;
				CLANG_CXX_LANGUAGE_STANDARD = "gnu++14";
				CLANG_CXX_LIBRARY = "libc++";
				CLANG_ENABLE_MODULES = YES;
				CLANG_ENABLE_OBJC_ARC = YES;
				CLANG_WARN_BLOCK_CAPTURE_AUTORELEASING = YES;
				CLANG_WARN_BOOL_CONVERSION = YES;
				CLANG_WARN_COMMA = YES;
				CLANG_WARN_CONSTANT_CONVERSION = YES;
				CLANG_WARN_DIRECT_OBJC_ISA_USAGE = YES_ERROR;
				CLANG_WARN_DOCUMENTATION_COMMENTS = YES;
				CLANG_WARN_EMPTY_BODY = YES;
				CLANG_WARN_ENUM_CONVERSION = YES;
				CLANG_WARN_INFINITE_RECURSION = YES;
				CLANG_WARN_INT_CONVERSION = YES;
				CLANG_WARN_NON_LITERAL_NULL_CONVERSION = YES;
				CLANG_WARN_OBJC_LITERAL_CONVERSION = YES;
				CLANG_WARN_OBJC_ROOT_CLASS = YES_ERROR;
				CLANG_WARN_RANGE_LOOP_ANALYSIS = YES;
				CLANG_WARN_STRICT_PROTOTYPES = YES;
				CLANG_WARN_SUSPICIOUS_MOVE = YES;
				CLANG_WARN_UNGUARDED_AVAILABILITY = YES_AGGRESSIVE;
				CLANG_WARN_UNREACHABLE_CODE = YES;
				CLANG_WARN__DUPLICATE_METHOD_MATCH = YES;
				CODE_SIGN_IDENTITY = "iPhone Developer";
				COPY_PHASE_STRIP = NO;
				DEBUG_INFORMATION_FORMAT = "dwarf-with-dsym";
				ENABLE_NS_ASSERTIONS = NO;
				ENABLE_STRICT_OBJC_MSGSEND = YES;
				GCC_C_LANGUAGE_STANDARD = gnu11;
				GCC_NO_COMMON_BLOCKS = YES;
				GCC_WARN_64_TO_32_BIT_CONVERSION = YES;
				GCC_WARN_ABOUT_RETURN_TYPE = YES_ERROR;
				GCC_WARN_UNDECLARED_SELECTOR = YES;
				GCC_WARN_UNINITIALIZED_AUTOS = YES_AGGRESSIVE;
				GCC_WARN_UNUSED_FUNCTION = YES;
				GCC_WARN_UNUSED_VARIABLE = YES;
				IPHONEOS_DEPLOYMENT_TARGET = 11.0;
				MTL_ENABLE_DEBUG_INFO = NO;
				SDKROOT = iphoneos;
				SWIFT_OPTIMIZATION_LEVEL = "-Owholemodule";
				VALIDATE_PRODUCT = YES;
			};
			name = Release;
		};
		AC6C8B701F90FEF3005BE6C0 /* Debug */ = {
			isa = XCBuildConfiguration;
			buildSettings = {
				ALWAYS_EMBED_SWIFT_STANDARD_LIBRARIES = YES;
				ASSETCATALOG_COMPILER_APPICON_NAME = AppIcon;
				CODE_SIGN_STYLE = Automatic;
				DEVELOPMENT_TEAM = 8LNA9LB2Y8;
				FRAMEWORK_SEARCH_PATHS = (
					"$(inherited)",
					"$(PROJECT_DIR)/Carthage/Build/iOS",
				);
				INFOPLIST_FILE = TMDb/Info.plist;
				LD_RUNPATH_SEARCH_PATHS = "$(inherited) @executable_path/Frameworks";
				PRODUCT_BUNDLE_IDENTIFIER = com.alexandrefreire.TMDb;
				PRODUCT_NAME = "$(TARGET_NAME)";
				SWIFT_VERSION = 4.0;
				TARGETED_DEVICE_FAMILY = "1,2";
			};
			name = Debug;
		};
		AC6C8B711F90FEF3005BE6C0 /* Release */ = {
			isa = XCBuildConfiguration;
			buildSettings = {
				ALWAYS_EMBED_SWIFT_STANDARD_LIBRARIES = YES;
				ASSETCATALOG_COMPILER_APPICON_NAME = AppIcon;
				CODE_SIGN_STYLE = Automatic;
				DEVELOPMENT_TEAM = 8LNA9LB2Y8;
				FRAMEWORK_SEARCH_PATHS = (
					"$(inherited)",
					"$(PROJECT_DIR)/Carthage/Build/iOS",
				);
				INFOPLIST_FILE = TMDb/Info.plist;
				LD_RUNPATH_SEARCH_PATHS = "$(inherited) @executable_path/Frameworks";
				PRODUCT_BUNDLE_IDENTIFIER = com.alexandrefreire.TMDb;
				PRODUCT_NAME = "$(TARGET_NAME)";
				SWIFT_VERSION = 4.0;
				TARGETED_DEVICE_FAMILY = "1,2";
			};
			name = Release;
		};
		AC6C8B731F90FEF3005BE6C0 /* Debug */ = {
			isa = XCBuildConfiguration;
			buildSettings = {
				ALWAYS_EMBED_SWIFT_STANDARD_LIBRARIES = YES;
				BUNDLE_LOADER = "$(TEST_HOST)";
				CODE_SIGN_STYLE = Automatic;
				DEVELOPMENT_TEAM = 8LNA9LB2Y8;
				FRAMEWORK_SEARCH_PATHS = (
					"$(inherited)",
					"$(PROJECT_DIR)/Carthage/Build/iOS",
				);
				INFOPLIST_FILE = TMDbTests/Info.plist;
				LD_RUNPATH_SEARCH_PATHS = "$(inherited) @executable_path/Frameworks @loader_path/Frameworks";
				PRODUCT_BUNDLE_IDENTIFIER = com.alexandrefreire.TMDbTests;
				PRODUCT_NAME = "$(TARGET_NAME)";
				SWIFT_VERSION = 4.0;
				TARGETED_DEVICE_FAMILY = "1,2";
				TEST_HOST = "$(BUILT_PRODUCTS_DIR)/TMDb.app/TMDb";
			};
			name = Debug;
		};
		AC6C8B741F90FEF3005BE6C0 /* Release */ = {
			isa = XCBuildConfiguration;
			buildSettings = {
				ALWAYS_EMBED_SWIFT_STANDARD_LIBRARIES = YES;
				BUNDLE_LOADER = "$(TEST_HOST)";
				CODE_SIGN_STYLE = Automatic;
				DEVELOPMENT_TEAM = 8LNA9LB2Y8;
				FRAMEWORK_SEARCH_PATHS = (
					"$(inherited)",
					"$(PROJECT_DIR)/Carthage/Build/iOS",
				);
				INFOPLIST_FILE = TMDbTests/Info.plist;
				LD_RUNPATH_SEARCH_PATHS = "$(inherited) @executable_path/Frameworks @loader_path/Frameworks";
				PRODUCT_BUNDLE_IDENTIFIER = com.alexandrefreire.TMDbTests;
				PRODUCT_NAME = "$(TARGET_NAME)";
				SWIFT_VERSION = 4.0;
				TARGETED_DEVICE_FAMILY = "1,2";
				TEST_HOST = "$(BUILT_PRODUCTS_DIR)/TMDb.app/TMDb";
			};
			name = Release;
		};
		AC6C8B911F91006C005BE6C0 /* Debug */ = {
			isa = XCBuildConfiguration;
			baseConfigurationReference = AC6C8BC21F9130A3005BE6C0 /* Keys.xcconfig */;
			buildSettings = {
				CLANG_ENABLE_MODULES = YES;
				CODE_SIGN_IDENTITY = "";
				CODE_SIGN_STYLE = Automatic;
				CURRENT_PROJECT_VERSION = 1;
				DEFINES_MODULE = YES;
				DEVELOPMENT_TEAM = 8LNA9LB2Y8;
				DYLIB_COMPATIBILITY_VERSION = 1;
				DYLIB_CURRENT_VERSION = 1;
				DYLIB_INSTALL_NAME_BASE = "@rpath";
				FRAMEWORK_SEARCH_PATHS = (
					"$(inherited)",
					"$(PROJECT_DIR)/Carthage/Build/iOS",
				);
				INFOPLIST_FILE = TMDbCore/Info.plist;
				INSTALL_PATH = "$(LOCAL_LIBRARY_DIR)/Frameworks";
				LD_RUNPATH_SEARCH_PATHS = "$(inherited) @executable_path/Frameworks @loader_path/Frameworks";
				PRODUCT_BUNDLE_IDENTIFIER = com.alexandrefreire.TMDbCore;
				PRODUCT_NAME = "$(TARGET_NAME:c99extidentifier)";
				SKIP_INSTALL = YES;
				SWIFT_OPTIMIZATION_LEVEL = "-Onone";
				SWIFT_VERSION = 4.0;
				TARGETED_DEVICE_FAMILY = "1,2";
				VERSIONING_SYSTEM = "apple-generic";
				VERSION_INFO_PREFIX = "";
			};
			name = Debug;
		};
		AC6C8B921F91006C005BE6C0 /* Release */ = {
			isa = XCBuildConfiguration;
			baseConfigurationReference = AC6C8BC21F9130A3005BE6C0 /* Keys.xcconfig */;
			buildSettings = {
				CLANG_ENABLE_MODULES = YES;
				CODE_SIGN_IDENTITY = "";
				CODE_SIGN_STYLE = Automatic;
				CURRENT_PROJECT_VERSION = 1;
				DEFINES_MODULE = YES;
				DEVELOPMENT_TEAM = 8LNA9LB2Y8;
				DYLIB_COMPATIBILITY_VERSION = 1;
				DYLIB_CURRENT_VERSION = 1;
				DYLIB_INSTALL_NAME_BASE = "@rpath";
				FRAMEWORK_SEARCH_PATHS = (
					"$(inherited)",
					"$(PROJECT_DIR)/Carthage/Build/iOS",
				);
				INFOPLIST_FILE = TMDbCore/Info.plist;
				INSTALL_PATH = "$(LOCAL_LIBRARY_DIR)/Frameworks";
				LD_RUNPATH_SEARCH_PATHS = "$(inherited) @executable_path/Frameworks @loader_path/Frameworks";
				PRODUCT_BUNDLE_IDENTIFIER = com.alexandrefreire.TMDbCore;
				PRODUCT_NAME = "$(TARGET_NAME:c99extidentifier)";
				SKIP_INSTALL = YES;
				SWIFT_VERSION = 4.0;
				TARGETED_DEVICE_FAMILY = "1,2";
				VERSIONING_SYSTEM = "apple-generic";
				VERSION_INFO_PREFIX = "";
			};
			name = Release;
		};
		AC6C8B931F91006C005BE6C0 /* Debug */ = {
			isa = XCBuildConfiguration;
			buildSettings = {
				ALWAYS_EMBED_SWIFT_STANDARD_LIBRARIES = YES;
				CODE_SIGN_STYLE = Automatic;
				DEVELOPMENT_TEAM = 8LNA9LB2Y8;
				FRAMEWORK_SEARCH_PATHS = (
					"$(inherited)",
					"$(PROJECT_DIR)/Carthage/Build/iOS",
				);
				INFOPLIST_FILE = TMDbCoreTests/Info.plist;
				LD_RUNPATH_SEARCH_PATHS = "$(inherited) @executable_path/Frameworks @loader_path/Frameworks";
				PRODUCT_BUNDLE_IDENTIFIER = com.alexandrefreire.TMDbCoreTests;
				PRODUCT_NAME = "$(TARGET_NAME)";
				SWIFT_VERSION = 4.0;
				TARGETED_DEVICE_FAMILY = "1,2";
				TEST_HOST = "$(BUILT_PRODUCTS_DIR)/TMDb.app/TMDb";
			};
			name = Debug;
		};
		AC6C8B941F91006C005BE6C0 /* Release */ = {
			isa = XCBuildConfiguration;
			buildSettings = {
				ALWAYS_EMBED_SWIFT_STANDARD_LIBRARIES = YES;
				CODE_SIGN_STYLE = Automatic;
				DEVELOPMENT_TEAM = 8LNA9LB2Y8;
				FRAMEWORK_SEARCH_PATHS = (
					"$(inherited)",
					"$(PROJECT_DIR)/Carthage/Build/iOS",
				);
				INFOPLIST_FILE = TMDbCoreTests/Info.plist;
				LD_RUNPATH_SEARCH_PATHS = "$(inherited) @executable_path/Frameworks @loader_path/Frameworks";
				PRODUCT_BUNDLE_IDENTIFIER = com.alexandrefreire.TMDbCoreTests;
				PRODUCT_NAME = "$(TARGET_NAME)";
				SWIFT_VERSION = 4.0;
				TARGETED_DEVICE_FAMILY = "1,2";
				TEST_HOST = "$(BUILT_PRODUCTS_DIR)/TMDb.app/TMDb";
			};
			name = Release;
		};
/* End XCBuildConfiguration section */

/* Begin XCConfigurationList section */
		AC6C8B4D1F90FEF2005BE6C0 /* Build configuration list for PBXProject "TMDb" */ = {
			isa = XCConfigurationList;
			buildConfigurations = (
				AC6C8B6D1F90FEF3005BE6C0 /* Debug */,
				AC6C8B6E1F90FEF3005BE6C0 /* Release */,
			);
			defaultConfigurationIsVisible = 0;
			defaultConfigurationName = Release;
		};
		AC6C8B6F1F90FEF3005BE6C0 /* Build configuration list for PBXNativeTarget "TMDb" */ = {
			isa = XCConfigurationList;
			buildConfigurations = (
				AC6C8B701F90FEF3005BE6C0 /* Debug */,
				AC6C8B711F90FEF3005BE6C0 /* Release */,
			);
			defaultConfigurationIsVisible = 0;
			defaultConfigurationName = Release;
		};
		AC6C8B721F90FEF3005BE6C0 /* Build configuration list for PBXNativeTarget "TMDbTests" */ = {
			isa = XCConfigurationList;
			buildConfigurations = (
				AC6C8B731F90FEF3005BE6C0 /* Debug */,
				AC6C8B741F90FEF3005BE6C0 /* Release */,
			);
			defaultConfigurationIsVisible = 0;
			defaultConfigurationName = Release;
		};
		AC6C8B951F91006C005BE6C0 /* Build configuration list for PBXNativeTarget "TMDbCore" */ = {
			isa = XCConfigurationList;
			buildConfigurations = (
				AC6C8B911F91006C005BE6C0 /* Debug */,
				AC6C8B921F91006C005BE6C0 /* Release */,
			);
			defaultConfigurationIsVisible = 0;
			defaultConfigurationName = Release;
		};
		AC6C8B971F91006C005BE6C0 /* Build configuration list for PBXNativeTarget "TMDbCoreTests" */ = {
			isa = XCConfigurationList;
			buildConfigurations = (
				AC6C8B931F91006C005BE6C0 /* Debug */,
				AC6C8B941F91006C005BE6C0 /* Release */,
			);
			defaultConfigurationIsVisible = 0;
			defaultConfigurationName = Release;
		};
/* End XCConfigurationList section */
	};
	rootObject = AC6C8B4A1F90FEF2005BE6C0 /* Project object */;
}
